
Microsoft Visual Studio Solution File, Format Version 12.00
# Visual Studio Version 17
VisualStudioVersion = 17.13.35931.197 d17.13
MinimumVisualStudioVersion = 10.0.40219.1
Project("{FAE04EC0-301F-11D3-BF4B-00C04F79EFBC}") = "TestProject_original", "TestProject_original.csproj", "{4030B461-6312-4A42-9B2E-EC3533AEE337}"
EndProject
Global
	GlobalSection(SolutionConfigurationPlatforms) = preSolution
		Debug|Any CPU = Debug|Any CPU
		Release|Any CPU = Release|Any CPU
	EndGlobalSection
	GlobalSection(ProjectConfigurationPlatforms) = postSolution
		{4030B461-6312-4A42-9B2E-EC3533AEE337}.Debug|Any CPU.ActiveCfg = Debug|Any CPU
		{4030B461-6312-4A42-9B2E-EC3533AEE337}.Debug|Any CPU.Build.0 = Debug|Any CPU
		{4030B461-6312-4A42-9B2E-EC3533AEE337}.Release|Any CPU.ActiveCfg = Release|Any CPU
		{4030B461-6312-4A42-9B2E-EC3533AEE337}.Release|Any CPU.Build.0 = Release|Any CPU
	EndGlobalSection
	GlobalSection(SolutionProperties) = preSolution
		HideSolutionNode = FALSE
	EndGlobalSection
	GlobalSection(ExtensibilityGlobals) = postSolution
		SolutionGuid = {D8227539-908D-4B4C-A4C4-C1CBFA0C054E}
	EndGlobalSection
EndGlobal
